
Microsoft Visual Studio Solution File, Format Version 12.00
# Visual Studio Version 17
VisualStudioVersion = 17.9.34701.34
MinimumVisualStudioVersion = 10.0.40219.1
Project("{FAE04EC0-301F-11D3-BF4B-00C04F79EFBC}") = "ExamProgramAPI", "ExamProgramAPI\ExamProgramAPI.csproj", "{C19A210E-B2A0-4E46-A3EB-000D03F5565A}"
EndProject
Global
	GlobalSection(SolutionConfigurationPlatforms) = preSolution
		Debug|Any CPU = Debug|Any CPU
		Release|Any CPU = Release|Any CPU
	EndGlobalSection
	GlobalSection(ProjectConfigurationPlatforms) = postSolution
		{C19A210E-B2A0-4E46-A3EB-000D03F5565A}.Debug|Any CPU.ActiveCfg = Debug|Any CPU
		{C19A210E-B2A0-4E46-A3EB-000D03F5565A}.Debug|Any CPU.Build.0 = Debug|Any CPU
		{C19A210E-B2A0-4E46-A3EB-000D03F5565A}.Release|Any CPU.ActiveCfg = Release|Any CPU
		{C19A210E-B2A0-4E46-A3EB-000D03F5565A}.Release|Any CPU.Build.0 = Release|Any CPU
	EndGlobalSection
	GlobalSection(SolutionProperties) = preSolution
		HideSolutionNode = FALSE
	EndGlobalSection
	GlobalSection(ExtensibilityGlobals) = postSolution
		SolutionGuid = {161F7B6E-303A-499A-912D-8D8793B336A7}
	EndGlobalSection
EndGlobal
